
Microsoft Visual Studio Solution File, Format Version 12.00
# Visual Studio 14
VisualStudioVersion = 14.0.25420.1
MinimumVisualStudioVersion = 10.0.40219.1
Project("{FAE04EC0-301F-11D3-BF4B-00C04F79EFBC}") = "HelloWorld2", "HelloWorld2\HelloWorld2.csproj", "{FBE42422-B7C3-4B4D-91A5-C594380B4754}"
EndProject
Global
	GlobalSection(SolutionConfigurationPlatforms) = preSolution
		Debug|Any CPU = Debug|Any CPU
		Release|Any CPU = Release|Any CPU
	EndGlobalSection
	GlobalSection(ProjectConfigurationPlatforms) = postSolution
		{FBE42422-B7C3-4B4D-91A5-C594380B4754}.Debug|Any CPU.ActiveCfg = Debug|Any CPU
		{FBE42422-B7C3-4B4D-91A5-C594380B4754}.Debug|Any CPU.Build.0 = Debug|Any CPU
		{FBE42422-B7C3-4B4D-91A5-C594380B4754}.Release|Any CPU.ActiveCfg = Release|Any CPU
		{FBE42422-B7C3-4B4D-91A5-C594380B4754}.Release|Any CPU.Build.0 = Release|Any CPU
	EndGlobalSection
	GlobalSection(SolutionProperties) = preSolution
		HideSolutionNode = FALSE
	EndGlobalSection
EndGlobal
