
Microsoft Visual Studio Solution File, Format Version 12.00
# Visual Studio 14
VisualStudioVersion = 14.0.25420.1
MinimumVisualStudioVersion = 10.0.40219.1
Project("{FAE04EC0-301F-11D3-BF4B-00C04F79EFBC}") = "HelloWorld3", "HelloWorld3\HelloWorld3.csproj", "{0F1D4A46-4EB1-4F14-8B36-84E7243688B7}"
EndProject
Project("{FAE04EC0-301F-11D3-BF4B-00C04F79EFBC}") = "HelloWorldUnitTests", "UnitTestProject1\HelloWorldUnitTests.csproj", "{2CA0E463-6422-446B-B0C1-7B4F5FF3E264}"
EndProject
Global
	GlobalSection(SolutionConfigurationPlatforms) = preSolution
		Debug|Any CPU = Debug|Any CPU
		Debug|ARM = Debug|ARM
		Debug|x64 = Debug|x64
		Debug|x86 = Debug|x86
		Release|Any CPU = Release|Any CPU
		Release|ARM = Release|ARM
		Release|x64 = Release|x64
		Release|x86 = Release|x86
	EndGlobalSection
	GlobalSection(ProjectConfigurationPlatforms) = postSolution
		{0F1D4A46-4EB1-4F14-8B36-84E7243688B7}.Debug|Any CPU.ActiveCfg = Debug|Any CPU
		{0F1D4A46-4EB1-4F14-8B36-84E7243688B7}.Debug|Any CPU.Build.0 = Debug|Any CPU
		{0F1D4A46-4EB1-4F14-8B36-84E7243688B7}.Debug|ARM.ActiveCfg = Debug|Any CPU
		{0F1D4A46-4EB1-4F14-8B36-84E7243688B7}.Debug|ARM.Build.0 = Debug|Any CPU
		{0F1D4A46-4EB1-4F14-8B36-84E7243688B7}.Debug|x64.ActiveCfg = Debug|Any CPU
		{0F1D4A46-4EB1-4F14-8B36-84E7243688B7}.Debug|x64.Build.0 = Debug|Any CPU
		{0F1D4A46-4EB1-4F14-8B36-84E7243688B7}.Debug|x86.ActiveCfg = Debug|Any CPU
		{0F1D4A46-4EB1-4F14-8B36-84E7243688B7}.Debug|x86.Build.0 = Debug|Any CPU
		{0F1D4A46-4EB1-4F14-8B36-84E7243688B7}.Release|Any CPU.ActiveCfg = Release|Any CPU
		{0F1D4A46-4EB1-4F14-8B36-84E7243688B7}.Release|Any CPU.Build.0 = Release|Any CPU
		{0F1D4A46-4EB1-4F14-8B36-84E7243688B7}.Release|ARM.ActiveCfg = Release|Any CPU
		{0F1D4A46-4EB1-4F14-8B36-84E7243688B7}.Release|ARM.Build.0 = Release|Any CPU
		{0F1D4A46-4EB1-4F14-8B36-84E7243688B7}.Release|x64.ActiveCfg = Release|Any CPU
		{0F1D4A46-4EB1-4F14-8B36-84E7243688B7}.Release|x64.Build.0 = Release|Any CPU
		{0F1D4A46-4EB1-4F14-8B36-84E7243688B7}.Release|x86.ActiveCfg = Release|Any CPU
		{0F1D4A46-4EB1-4F14-8B36-84E7243688B7}.Release|x86.Build.0 = Release|Any CPU
		{2CA0E463-6422-446B-B0C1-7B4F5FF3E264}.Debug|Any CPU.ActiveCfg = Debug|Any CPU
		{2CA0E463-6422-446B-B0C1-7B4F5FF3E264}.Debug|Any CPU.Build.0 = Debug|Any CPU
		{2CA0E463-6422-446B-B0C1-7B4F5FF3E264}.Debug|ARM.ActiveCfg = Debug|Any CPU
		{2CA0E463-6422-446B-B0C1-7B4F5FF3E264}.Debug|ARM.Build.0 = Debug|Any CPU
		{2CA0E463-6422-446B-B0C1-7B4F5FF3E264}.Debug|x64.ActiveCfg = Debug|Any CPU
		{2CA0E463-6422-446B-B0C1-7B4F5FF3E264}.Debug|x64.Build.0 = Debug|Any CPU
		{2CA0E463-6422-446B-B0C1-7B4F5FF3E264}.Debug|x86.ActiveCfg = Debug|Any CPU
		{2CA0E463-6422-446B-B0C1-7B4F5FF3E264}.Debug|x86.Build.0 = Debug|Any CPU
		{2CA0E463-6422-446B-B0C1-7B4F5FF3E264}.Release|Any CPU.ActiveCfg = Release|Any CPU
		{2CA0E463-6422-446B-B0C1-7B4F5FF3E264}.Release|Any CPU.Build.0 = Release|Any CPU
		{2CA0E463-6422-446B-B0C1-7B4F5FF3E264}.Release|ARM.ActiveCfg = Release|Any CPU
		{2CA0E463-6422-446B-B0C1-7B4F5FF3E264}.Release|ARM.Build.0 = Release|Any CPU
		{2CA0E463-6422-446B-B0C1-7B4F5FF3E264}.Release|x64.ActiveCfg = Release|Any CPU
		{2CA0E463-6422-446B-B0C1-7B4F5FF3E264}.Release|x64.Build.0 = Release|Any CPU
		{2CA0E463-6422-446B-B0C1-7B4F5FF3E264}.Release|x86.ActiveCfg = Release|Any CPU
		{2CA0E463-6422-446B-B0C1-7B4F5FF3E264}.Release|x86.Build.0 = Release|Any CPU
	EndGlobalSection
	GlobalSection(SolutionProperties) = preSolution
		HideSolutionNode = FALSE
	EndGlobalSection
EndGlobal
